
Microsoft Visual Studio Solution File, Format Version 12.00
# Visual Studio Version 16
VisualStudioVersion = 16.0.31019.35
MinimumVisualStudioVersion = 10.0.40219.1
Project("{9A19103F-16F7-4668-BE54-9A1E7A4F7556}") = "Simple.Hateoas", "Simple.Hateoas\Simple.Hateoas.csproj", "{7FC118D2-315C-47AF-B78E-4436B3405F1D}"
EndProject
Project("{9A19103F-16F7-4668-BE54-9A1E7A4F7556}") = "Simple.Hateoas.Sample", "..\samples\Simple.Hateoas.Sample\Simple.Hateoas.Sample.csproj", "{0BEAD0EA-F65B-4B8A-B408-08938869CCA9}"
EndProject
Project("{FAE04EC0-301F-11D3-BF4B-00C04F79EFBC}") = "Simple.Hateoas.Test", "..\test\Simple.Hateoas.Test\Simple.Hateoas.Test.csproj", "{00F1F5C7-3337-4DBB-99A2-847DC734785E}"
EndProject
Global
	GlobalSection(SolutionConfigurationPlatforms) = preSolution
		Debug|Any CPU = Debug|Any CPU
		Release|Any CPU = Release|Any CPU
	EndGlobalSection
	GlobalSection(ProjectConfigurationPlatforms) = postSolution
		{7FC118D2-315C-47AF-B78E-4436B3405F1D}.Debug|Any CPU.ActiveCfg = Debug|Any CPU
		{7FC118D2-315C-47AF-B78E-4436B3405F1D}.Debug|Any CPU.Build.0 = Debug|Any CPU
		{7FC118D2-315C-47AF-B78E-4436B3405F1D}.Release|Any CPU.ActiveCfg = Release|Any CPU
		{7FC118D2-315C-47AF-B78E-4436B3405F1D}.Release|Any CPU.Build.0 = Release|Any CPU
		{0BEAD0EA-F65B-4B8A-B408-08938869CCA9}.Debug|Any CPU.ActiveCfg = Debug|Any CPU
		{0BEAD0EA-F65B-4B8A-B408-08938869CCA9}.Debug|Any CPU.Build.0 = Debug|Any CPU
		{0BEAD0EA-F65B-4B8A-B408-08938869CCA9}.Release|Any CPU.ActiveCfg = Release|Any CPU
		{0BEAD0EA-F65B-4B8A-B408-08938869CCA9}.Release|Any CPU.Build.0 = Release|Any CPU
		{00F1F5C7-3337-4DBB-99A2-847DC734785E}.Debug|Any CPU.ActiveCfg = Debug|Any CPU
		{00F1F5C7-3337-4DBB-99A2-847DC734785E}.Debug|Any CPU.Build.0 = Debug|Any CPU
		{00F1F5C7-3337-4DBB-99A2-847DC734785E}.Release|Any CPU.ActiveCfg = Release|Any CPU
		{00F1F5C7-3337-4DBB-99A2-847DC734785E}.Release|Any CPU.Build.0 = Release|Any CPU
	EndGlobalSection
	GlobalSection(SolutionProperties) = preSolution
		HideSolutionNode = FALSE
	EndGlobalSection
	GlobalSection(ExtensibilityGlobals) = postSolution
		SolutionGuid = {3BCFE5F8-96E8-43CB-B911-C8CFFAA63326}
	EndGlobalSection
EndGlobal
